
Microsoft Visual Studio Solution File, Format Version 12.00
# Visual Studio Version 17
VisualStudioVersion = 17.5.33530.505
MinimumVisualStudioVersion = 10.0.40219.1
Project("{FAE04EC0-301F-11D3-BF4B-00C04F79EFBC}") = "EFCoreApplication", "EFCoreApplication\EFCoreApplication.csproj", "{701E5E98-AF7B-421E-BF7F-AA4CFC445E95}"
EndProject
Project("{FAE04EC0-301F-11D3-BF4B-00C04F79EFBC}") = "EFCoreApplication_DataAccess", "EFCoreApplicaiton_DataAccess\EFCoreApplication_DataAccess.csproj", "{FB7F10FB-5CBC-447D-A03B-65779D00C445}"
EndProject
Project("{FAE04EC0-301F-11D3-BF4B-00C04F79EFBC}") = "EFCoreApplication_Model", "EFCoreApplication_Model\EFCoreApplication_Model.csproj", "{C25D1C65-EEC0-4C7F-A881-23D6AA72988F}"
EndProject
Project("{FAE04EC0-301F-11D3-BF4B-00C04F79EFBC}") = "EFCoreApplication_ConsoleApp", "EFCoreApplication_ConsoleApp\EFCoreApplication_ConsoleApp.csproj", "{60BB8DCD-51BB-41FE-85EE-A14129794AF0}"
EndProject
Global
	GlobalSection(SolutionConfigurationPlatforms) = preSolution
		Debug|Any CPU = Debug|Any CPU
		Release|Any CPU = Release|Any CPU
	EndGlobalSection
	GlobalSection(ProjectConfigurationPlatforms) = postSolution
		{701E5E98-AF7B-421E-BF7F-AA4CFC445E95}.Debug|Any CPU.ActiveCfg = Debug|Any CPU
		{701E5E98-AF7B-421E-BF7F-AA4CFC445E95}.Debug|Any CPU.Build.0 = Debug|Any CPU
		{701E5E98-AF7B-421E-BF7F-AA4CFC445E95}.Release|Any CPU.ActiveCfg = Release|Any CPU
		{701E5E98-AF7B-421E-BF7F-AA4CFC445E95}.Release|Any CPU.Build.0 = Release|Any CPU
		{FB7F10FB-5CBC-447D-A03B-65779D00C445}.Debug|Any CPU.ActiveCfg = Debug|Any CPU
		{FB7F10FB-5CBC-447D-A03B-65779D00C445}.Debug|Any CPU.Build.0 = Debug|Any CPU
		{FB7F10FB-5CBC-447D-A03B-65779D00C445}.Release|Any CPU.ActiveCfg = Release|Any CPU
		{FB7F10FB-5CBC-447D-A03B-65779D00C445}.Release|Any CPU.Build.0 = Release|Any CPU
		{C25D1C65-EEC0-4C7F-A881-23D6AA72988F}.Debug|Any CPU.ActiveCfg = Debug|Any CPU
		{C25D1C65-EEC0-4C7F-A881-23D6AA72988F}.Debug|Any CPU.Build.0 = Debug|Any CPU
		{C25D1C65-EEC0-4C7F-A881-23D6AA72988F}.Release|Any CPU.ActiveCfg = Release|Any CPU
		{C25D1C65-EEC0-4C7F-A881-23D6AA72988F}.Release|Any CPU.Build.0 = Release|Any CPU
		{60BB8DCD-51BB-41FE-85EE-A14129794AF0}.Debug|Any CPU.ActiveCfg = Debug|Any CPU
		{60BB8DCD-51BB-41FE-85EE-A14129794AF0}.Debug|Any CPU.Build.0 = Debug|Any CPU
		{60BB8DCD-51BB-41FE-85EE-A14129794AF0}.Release|Any CPU.ActiveCfg = Release|Any CPU
		{60BB8DCD-51BB-41FE-85EE-A14129794AF0}.Release|Any CPU.Build.0 = Release|Any CPU
	EndGlobalSection
	GlobalSection(SolutionProperties) = preSolution
		HideSolutionNode = FALSE
	EndGlobalSection
	GlobalSection(ExtensibilityGlobals) = postSolution
		SolutionGuid = {843AE99D-D9B3-429E-B33E-E19A0BF4DDD0}
	EndGlobalSection
EndGlobal
